// !$*UTF8*$!
{
	archiveVersion = 1;
	classes = {
	};
	objectVersion = 77;
	objects = {

/* Begin PBXBuildFile section */
		7E6798952F3630A90082C5A9 /* README.md in Sources */ = {isa = PBXBuildFile; fileRef = 7E6798942F3630A00082C5A9 /* README.md */; };
/* End PBXBuildFile section */

/* Begin PBXContainerItemProxy section */
		7E6798772F36303A0082C5A9 /* PBXContainerItemProxy */ = {
			isa = PBXContainerItemProxy;
			containerPortal = 7E6798552F3630390082C5A9 /* Project object */;
			proxyType = 1;
			remoteGlobalIDString = 7E67985C2F3630390082C5A9;
			remoteInfo = GithubAPIWrapper;
		};
		7E6798812F36303A0082C5A9 /* PBXContainerItemProxy */ = {
			isa = PBXContainerItemProxy;
			containerPortal = 7E6798552F3630390082C5A9 /* Project object */;
			proxyType = 1;
			remoteGlobalIDString = 7E67985C2F3630390082C5A9;
			remoteInfo = GithubAPIWrapper;
		};
/* End PBXContainerItemProxy section */

/* Begin PBXFileReference section */
		7E67985D2F3630390082C5A9 /* GithubAPIWrapper.app */ = {isa = PBXFileReference; explicitFileType = wrapper.application; includeInIndex = 0; path = GithubAPIWrapper.app; sourceTree = BUILT_PRODUCTS_DIR; };
		7E6798762F36303A0082C5A9 /* GithubAPIWrapperTests.xctest */ = {isa = PBXFileReference; explicitFileType = wrapper.cfbundle; includeInIndex = 0; path = GithubAPIWrapperTests.xctest; sourceTree = BUILT_PRODUCTS_DIR; };
		7E6798802F36303A0082C5A9 /* GithubAPIWrapperUITests.xctest */ = {isa = PBXFileReference; explicitFileType = wrapper.cfbundle; includeInIndex = 0; path = GithubAPIWrapperUITests.xctest; sourceTree = BUILT_PRODUCTS_DIR; };
		7E6798942F3630A00082C5A9 /* README.md */ = {isa = PBXFileReference; lastKnownFileType = sourcecode.swift; path = README.md; sourceTree = "<group>"; };
/* End PBXFileReference section */

/* Begin PBXFileSystemSynchronizedBuildFileExceptionSet section */
		7E6798882F36303A0082C5A9 /* Exceptions for "GithubAPIWrapper" folder in "GithubAPIWrapper" target */ = {
			isa = PBXFileSystemSynchronizedBuildFileExceptionSet;
			membershipExceptions = (
				App/Info.plist,
			);
			target = 7E67985C2F3630390082C5A9 /* GithubAPIWrapper */;
		};
/* End PBXFileSystemSynchronizedBuildFileExceptionSet section */

/* Begin PBXFileSystemSynchronizedRootGroup section */
		7E67985F2F3630390082C5A9 /* GithubAPIWrapper */ = {
			isa = PBXFileSystemSynchronizedRootGroup;
			exceptions = (
				7E6798882F36303A0082C5A9 /* Exceptions for "GithubAPIWrapper" folder in "GithubAPIWrapper" target */,
			);
			path = GithubAPIWrapper;
			sourceTree = "<group>";
		};
		7E6798792F36303A0082C5A9 /* GithubAPIWrapperTests */ = {
			isa = PBXFileSystemSynchronizedRootGroup;
			path = GithubAPIWrapperTests;
			sourceTree = "<group>";
		};
		7E6798832F36303A0082C5A9 /* GithubAPIWrapperUITests */ = {
			isa = PBXFileSystemSynchronizedRootGroup;
			path = GithubAPIWrapperUITests;
			sourceTree = "<group>";
		};
/* End PBXFileSystemSynchronizedRootGroup section */

/* Begin PBXFrameworksBuildPhase section */
		7E67985A2F3630390082C5A9 /* Frameworks */ = {
			isa = PBXFrameworksBuildPhase;
			buildActionMask = 2147483647;
			files = (
			);
			runOnlyForDeploymentPostprocessing = 0;
		};
		7E6798732F36303A0082C5A9 /* Frameworks */ = {
			isa = PBXFrameworksBuildPhase;
			buildActionMask = 2147483647;
			files = (
			);
			runOnlyForDeploymentPostprocessing = 0;
		};
		7E67987D2F36303A0082C5A9 /* Frameworks */ = {
			isa = PBXFrameworksBuildPhase;
			buildActionMask = 2147483647;
			files = (
			);
			runOnlyForDeploymentPostprocessing = 0;
		};
/* End PBXFrameworksBuildPhase section */

/* Begin PBXGroup section */
		7E6798542F3630390082C5A9 = {
			isa = PBXGroup;
			children = (
				7E6798942F3630A00082C5A9 /* README.md */,
				7E67985F2F3630390082C5A9 /* GithubAPIWrapper */,
				7E6798792F36303A0082C5A9 /* GithubAPIWrapperTests */,
				7E6798832F36303A0082C5A9 /* GithubAPIWrapperUITests */,
				7E67985E2F3630390082C5A9 /* Products */,
			);
			sourceTree = "<group>";
		};
		7E67985E2F3630390082C5A9 /* Products */ = {
			isa = PBXGroup;
			children = (
				7E67985D2F3630390082C5A9 /* GithubAPIWrapper.app */,
				7E6798762F36303A0082C5A9 /* GithubAPIWrapperTests.xctest */,
				7E6798802F36303A0082C5A9 /* GithubAPIWrapperUITests.xctest */,
			);
			name = Products;
			sourceTree = "<group>";
		};
/* End PBXGroup section */

/* Begin PBXNativeTarget section */
		7E67985C2F3630390082C5A9 /* GithubAPIWrapper */ = {
			isa = PBXNativeTarget;
			buildConfigurationList = 7E6798892F36303A0082C5A9 /* Build configuration list for PBXNativeTarget "GithubAPIWrapper" */;
			buildPhases = (
				7E6798592F3630390082C5A9 /* Sources */,
				7E67985A2F3630390082C5A9 /* Frameworks */,
				7E67985B2F3630390082C5A9 /* Resources */,
			);
			buildRules = (
			);
			dependencies = (
			);
			fileSystemSynchronizedGroups = (
				7E67985F2F3630390082C5A9 /* GithubAPIWrapper */,
			);
			name = GithubAPIWrapper;
			packageProductDependencies = (
			);
			productName = GithubAPIWrapper;
			productReference = 7E67985D2F3630390082C5A9 /* GithubAPIWrapper.app */;
			productType = "com.apple.product-type.application";
		};
		7E6798752F36303A0082C5A9 /* GithubAPIWrapperTests */ = {
			isa = PBXNativeTarget;
			buildConfigurationList = 7E67988E2F36303A0082C5A9 /* Build configuration list for PBXNativeTarget "GithubAPIWrapperTests" */;
			buildPhases = (
				7E6798722F36303A0082C5A9 /* Sources */,
				7E6798732F36303A0082C5A9 /* Frameworks */,
				7E6798742F36303A0082C5A9 /* Resources */,
			);
			buildRules = (
			);
			dependencies = (
				7E6798782F36303A0082C5A9 /* PBXTargetDependency */,
			);
			fileSystemSynchronizedGroups = (
				7E6798792F36303A0082C5A9 /* GithubAPIWrapperTests */,
			);
			name = GithubAPIWrapperTests;
			packageProductDependencies = (
			);
			productName = GithubAPIWrapperTests;
			productReference = 7E6798762F36303A0082C5A9 /* GithubAPIWrapperTests.xctest */;
			productType = "com.apple.product-type.bundle.unit-test";
		};
		7E67987F2F36303A0082C5A9 /* GithubAPIWrapperUITests */ = {
			isa = PBXNativeTarget;
			buildConfigurationList = 7E6798912F36303A0082C5A9 /* Build configuration list for PBXNativeTarget "GithubAPIWrapperUITests" */;
			buildPhases = (
				7E67987C2F36303A0082C5A9 /* Sources */,
				7E67987D2F36303A0082C5A9 /* Frameworks */,
				7E67987E2F36303A0082C5A9 /* Resources */,
			);
			buildRules = (
			);
			dependencies = (
				7E6798822F36303A0082C5A9 /* PBXTargetDependency */,
			);
			fileSystemSynchronizedGroups = (
				7E6798832F36303A0082C5A9 /* GithubAPIWrapperUITests */,
			);
			name = GithubAPIWrapperUITests;
			packageProductDependencies = (
			);
			productName = GithubAPIWrapperUITests;
			productReference = 7E6798802F36303A0082C5A9 /* GithubAPIWrapperUITests.xctest */;
			productType = "com.apple.product-type.bundle.ui-testing";
		};
/* End PBXNativeTarget section */

/* Begin PBXProject section */
		7E6798552F3630390082C5A9 /* Project object */ = {
			isa = PBXProject;
			attributes = {
				BuildIndependentTargetsInParallel = 1;
				LastSwiftUpdateCheck = 2600;
				LastUpgradeCheck = 2600;
				TargetAttributes = {
					7E67985C2F3630390082C5A9 = {
						CreatedOnToolsVersion = 26.0.1;
					};
					7E6798752F36303A0082C5A9 = {
						CreatedOnToolsVersion = 26.0.1;
						TestTargetID = 7E67985C2F3630390082C5A9;
					};
					7E67987F2F36303A0082C5A9 = {
						CreatedOnToolsVersion = 26.0.1;
						TestTargetID = 7E67985C2F3630390082C5A9;
					};
				};
			};
			buildConfigurationList = 7E6798582F3630390082C5A9 /* Build configuration list for PBXProject "GithubAPIWrapper" */;
			developmentRegion = en;
			hasScannedForEncodings = 0;
			knownRegions = (
				en,
				Base,
			);
			mainGroup = 7E6798542F3630390082C5A9;
			minimizedProjectReferenceProxies = 1;
			preferredProjectObjectVersion = 77;
			productRefGroup = 7E67985E2F3630390082C5A9 /* Products */;
			projectDirPath = "";
			projectRoot = "";
			targets = (
				7E67985C2F3630390082C5A9 /* GithubAPIWrapper */,
				7E6798752F36303A0082C5A9 /* GithubAPIWrapperTests */,
				7E67987F2F36303A0082C5A9 /* GithubAPIWrapperUITests */,
			);
		};
/* End PBXProject section */

/* Begin PBXResourcesBuildPhase section */
		7E67985B2F3630390082C5A9 /* Resources */ = {
			isa = PBXResourcesBuildPhase;
			buildActionMask = 2147483647;
			files = (
			);
			runOnlyForDeploymentPostprocessing = 0;
		};
		7E6798742F36303A0082C5A9 /* Resources */ = {
			isa = PBXResourcesBuildPhase;
			buildActionMask = 2147483647;
			files = (
			);
			runOnlyForDeploymentPostprocessing = 0;
		};
		7E67987E2F36303A0082C5A9 /* Resources */ = {
			isa = PBXResourcesBuildPhase;
			buildActionMask = 2147483647;
			files = (
			);
			runOnlyForDeploymentPostprocessing = 0;
		};
/* End PBXResourcesBuildPhase section */

/* Begin PBXSourcesBuildPhase section */
		7E6798592F3630390082C5A9 /* Sources */ = {
			isa = PBXSourcesBuildPhase;
			buildActionMask = 2147483647;
			files = (
				7E6798952F3630A90082C5A9 /* README.md in Sources */,
			);
			runOnlyForDeploymentPostprocessing = 0;
		};
		7E6798722F36303A0082C5A9 /* Sources */ = {
			isa = PBXSourcesBuildPhase;
			buildActionMask = 2147483647;
			files = (
			);
			runOnlyForDeploymentPostprocessing = 0;
		};
		7E67987C2F36303A0082C5A9 /* Sources */ = {
			isa = PBXSourcesBuildPhase;
			buildActionMask = 2147483647;
			files = (
			);
			runOnlyForDeploymentPostprocessing = 0;
		};
/* End PBXSourcesBuildPhase section */

/* Begin PBXTargetDependency section */
		7E6798782F36303A0082C5A9 /* PBXTargetDependency */ = {
			isa = PBXTargetDependency;
			target = 7E67985C2F3630390082C5A9 /* GithubAPIWrapper */;
			targetProxy = 7E6798772F36303A0082C5A9 /* PBXContainerItemProxy */;
		};
		7E6798822F36303A0082C5A9 /* PBXTargetDependency */ = {
			isa = PBXTargetDependency;
			target = 7E67985C2F3630390082C5A9 /* GithubAPIWrapper */;
			targetProxy = 7E6798812F36303A0082C5A9 /* PBXContainerItemProxy */;
		};
/* End PBXTargetDependency section */

/* Begin XCBuildConfiguration section */
		7E67988A2F36303A0082C5A9 /* Debug */ = {
			isa = XCBuildConfiguration;
			buildSettings = {
				ASSETCATALOG_COMPILER_APPICON_NAME = AppIcon;
				ASSETCATALOG_COMPILER_GLOBAL_ACCENT_COLOR_NAME = AccentColor;
				CODE_SIGN_STYLE = Automatic;
				CURRENT_PROJECT_VERSION = 1;
				DEVELOPMENT_TEAM = 5WL5AS853S;
				GENERATE_INFOPLIST_FILE = YES;
				INFOPLIST_FILE = GithubAPIWrapper/Info.plist;
				INFOPLIST_KEY_UIApplicationSupportsIndirectInputEvents = YES;
				INFOPLIST_KEY_UILaunchStoryboardName = LaunchScreen;
				INFOPLIST_KEY_UISupportedInterfaceOrientations_iPad = "UIInterfaceOrientationPortrait UIInterfaceOrientationPortraitUpsideDown UIInterfaceOrientationLandscapeLeft UIInterfaceOrientationLandscapeRight";
				INFOPLIST_KEY_UISupportedInterfaceOrientations_iPhone = "UIInterfaceOrientationPortrait UIInterfaceOrientationLandscapeLeft UIInterfaceOrientationLandscapeRight";
				LD_RUNPATH_SEARCH_PATHS = (
					"$(inherited)",
					"@executable_path/Frameworks",
				);
				MARKETING_VERSION = 1.0;
				PRODUCT_BUNDLE_IDENTIFIER = NonaAmbonPushApp.GithubAPIWrapper;
				PRODUCT_NAME = "$(TARGET_NAME)";
				STRING_CATALOG_GENERATE_SYMBOLS = YES;
				SWIFT_APPROACHABLE_CONCURRENCY = YES;
				SWIFT_DEFAULT_ACTOR_ISOLATION = MainActor;
				SWIFT_EMIT_LOC_STRINGS = YES;
				SWIFT_UPCOMING_FEATURE_MEMBER_IMPORT_VISIBILITY = YES;
				SWIFT_VERSION = 5.0;
				TARGETED_DEVICE_FAMILY = "1,2";
			};
			name = Debug;
		};
		7E67988B2F36303A0082C5A9 /* Release */ = {
			isa = XCBuildConfiguration;
			buildSettings = {
				ASSETCATALOG_COMPILER_APPICON_NAME = AppIcon;
				ASSETCATALOG_COMPILER_GLOBAL_ACCENT_COLOR_NAME = AccentColor;
				CODE_SIGN_STYLE = Automatic;
				CURRENT_PROJECT_VERSION = 1;
				DEVELOPMENT_TEAM = 5WL5AS853S;
				GENERATE_INFOPLIST_FILE = YES;
				INFOPLIST_FILE = GithubAPIWrapper/Info.plist;
				INFOPLIST_KEY_UIApplicationSupportsIndirectInputEvents = YES;
				INFOPLIST_KEY_UILaunchStoryboardName = LaunchScreen;
				INFOPLIST_KEY_UISupportedInterfaceOrientations_iPad = "UIInterfaceOrientationPortrait UIInterfaceOrientationPortraitUpsideDown UIInterfaceOrientationLandscapeLeft UIInterfaceOrientationLandscapeRight";
				INFOPLIST_KEY_UISupportedInterfaceOrientations_iPhone = "UIInterfaceOrientationPortrait UIInterfaceOrientationLandscapeLeft UIInterfaceOrientationLandscapeRight";
				LD_RUNPATH_SEARCH_PATHS = (
					"$(inherited)",
					"@executable_path/Frameworks",
				);
				MARKETING_VERSION = 1.0;
				PRODUCT_BUNDLE_IDENTIFIER = NonaAmbonPushApp.GithubAPIWrapper;
				PRODUCT_NAME = "$(TARGET_NAME)";
				STRING_CATALOG_GENERATE_SYMBOLS = YES;
				SWIFT_APPROACHABLE_CONCURRENCY = YES;
				SWIFT_DEFAULT_ACTOR_ISOLATION = MainActor;
				SWIFT_EMIT_LOC_STRINGS = YES;
				SWIFT_UPCOMING_FEATURE_MEMBER_IMPORT_VISIBILITY = YES;
				SWIFT_VERSION = 5.0;
				TARGETED_DEVICE_FAMILY = "1,2";
			};
			name = Release;
		};
		7E67988C2F36303A0082C5A9 /* Debug */ = {
			isa = XCBuildConfiguration;
			buildSettings = {
				ALWAYS_SEARCH_USER_PATHS = NO;
				ASSETCATALOG_COMPILER_GENERATE_SWIFT_ASSET_SYMBOL_EXTENSIONS = YES;
				CLANG_ANALYZER_NONNULL = YES;
				CLANG_ANALYZER_NUMBER_OBJECT_CONVERSION = YES_AGGRESSIVE;
				CLANG_CXX_LANGUAGE_STANDARD = "gnu++20";
				CLANG_ENABLE_MODULES = YES;
				CLANG_ENABLE_OBJC_ARC = YES;
				CLANG_ENABLE_OBJC_WEAK = YES;
				CLANG_WARN_BLOCK_CAPTURE_AUTORELEASING = YES;
				CLANG_WARN_BOOL_CONVERSION = YES;
				CLANG_WARN_COMMA = YES;
				CLANG_WARN_CONSTANT_CONVERSION = YES;
				CLANG_WARN_DEPRECATED_OBJC_IMPLEMENTATIONS = YES;
				CLANG_WARN_DIRECT_OBJC_ISA_USAGE = YES_ERROR;
				CLANG_WARN_DOCUMENTATION_COMMENTS = YES;
				CLANG_WARN_EMPTY_BODY = YES;
				CLANG_WARN_ENUM_CONVERSION = YES;
				CLANG_WARN_INFINITE_RECURSION = YES;
				CLANG_WARN_INT_CONVERSION = YES;
				CLANG_WARN_NON_LITERAL_NULL_CONVERSION = YES;
				CLANG_WARN_OBJC_IMPLICIT_RETAIN_SELF = YES;
				CLANG_WARN_OBJC_LITERAL_CONVERSION = YES;
				CLANG_WARN_OBJC_ROOT_CLASS = YES_ERROR;
				CLANG_WARN_QUOTED_INCLUDE_IN_FRAMEWORK_HEADER = YES;
				CLANG_WARN_RANGE_LOOP_ANALYSIS = YES;
				CLANG_WARN_STRICT_PROTOTYPES = YES;
				CLANG_WARN_SUSPICIOUS_MOVE = YES;
				CLANG_WARN_UNGUARDED_AVAILABILITY = YES_AGGRESSIVE;
				CLANG_WARN_UNREACHABLE_CODE = YES;
				CLANG_WARN__DUPLICATE_METHOD_MATCH = YES;
				COPY_PHASE_STRIP = NO;
				DEBUG_INFORMATION_FORMAT = dwarf;
				DEVELOPMENT_TEAM = 5WL5AS853S;
				ENABLE_STRICT_OBJC_MSGSEND = YES;
				ENABLE_TESTABILITY = YES;
				ENABLE_USER_SCRIPT_SANDBOXING = YES;
				GCC_C_LANGUAGE_STANDARD = gnu17;
				GCC_DYNAMIC_NO_PIC = NO;
				GCC_NO_COMMON_BLOCKS = YES;
				GCC_OPTIMIZATION_LEVEL = 0;
				GCC_PREPROCESSOR_DEFINITIONS = (
					"DEBUG=1",
					"$(inherited)",
				);
				GCC_WARN_64_TO_32_BIT_CONVERSION = YES;
				GCC_WARN_ABOUT_RETURN_TYPE = YES_ERROR;
				GCC_WARN_UNDECLARED_SELECTOR = YES;
				GCC_WARN_UNINITIALIZED_AUTOS = YES_AGGRESSIVE;
				GCC_WARN_UNUSED_FUNCTION = YES;
				GCC_WARN_UNUSED_VARIABLE = YES;
				IPHONEOS_DEPLOYMENT_TARGET = 26.0;
				LOCALIZATION_PREFERS_STRING_CATALOGS = YES;
				MTL_ENABLE_DEBUG_INFO = INCLUDE_SOURCE;
				MTL_FAST_MATH = YES;
				ONLY_ACTIVE_ARCH = YES;
				SDKROOT = iphoneos;
				SWIFT_ACTIVE_COMPILATION_CONDITIONS = "DEBUG $(inherited)";
				SWIFT_OPTIMIZATION_LEVEL = "-Onone";
			};
			name = Debug;
		};
		7E67988D2F36303A0082C5A9 /* Release */ = {
			isa = XCBuildConfiguration;
			buildSettings = {
				ALWAYS_SEARCH_USER_PATHS = NO;
				ASSETCATALOG_COMPILER_GENERATE_SWIFT_ASSET_SYMBOL_EXTENSIONS = YES;
				CLANG_ANALYZER_NONNULL = YES;
				CLANG_ANALYZER_NUMBER_OBJECT_CONVERSION = YES_AGGRESSIVE;
				CLANG_CXX_LANGUAGE_STANDARD = "gnu++20";
				CLANG_ENABLE_MODULES = YES;
				CLANG_ENABLE_OBJC_ARC = YES;
				CLANG_ENABLE_OBJC_WEAK = YES;
				CLANG_WARN_BLOCK_CAPTURE_AUTORELEASING = YES;
				CLANG_WARN_BOOL_CONVERSION = YES;
				CLANG_WARN_COMMA = YES;
				CLANG_WARN_CONSTANT_CONVERSION = YES;
				CLANG_WARN_DEPRECATED_OBJC_IMPLEMENTATIONS = YES;
				CLANG_WARN_DIRECT_OBJC_ISA_USAGE = YES_ERROR;
				CLANG_WARN_DOCUMENTATION_COMMENTS = YES;
				CLANG_WARN_EMPTY_BODY = YES;
				CLANG_WARN_ENUM_CONVERSION = YES;
				CLANG_WARN_INFINITE_RECURSION = YES;
				CLANG_WARN_INT_CONVERSION = YES;
				CLANG_WARN_NON_LITERAL_NULL_CONVERSION = YES;
				CLANG_WARN_OBJC_IMPLICIT_RETAIN_SELF = YES;
				CLANG_WARN_OBJC_LITERAL_CONVERSION = YES;
				CLANG_WARN_OBJC_ROOT_CLASS = YES_ERROR;
				CLANG_WARN_QUOTED_INCLUDE_IN_FRAMEWORK_HEADER = YES;
				CLANG_WARN_RANGE_LOOP_ANALYSIS = YES;
				CLANG_WARN_STRICT_PROTOTYPES = YES;
				CLANG_WARN_SUSPICIOUS_MOVE = YES;
				CLANG_WARN_UNGUARDED_AVAILABILITY = YES_AGGRESSIVE;
				CLANG_WARN_UNREACHABLE_CODE = YES;
				CLANG_WARN__DUPLICATE_METHOD_MATCH = YES;
				COPY_PHASE_STRIP = NO;
				DEBUG_INFORMATION_FORMAT = "dwarf-with-dsym";
				DEVELOPMENT_TEAM = 5WL5AS853S;
				ENABLE_NS_ASSERTIONS = NO;
				ENABLE_STRICT_OBJC_MSGSEND = YES;
				ENABLE_USER_SCRIPT_SANDBOXING = YES;
				GCC_C_LANGUAGE_STANDARD = gnu17;
				GCC_NO_COMMON_BLOCKS = YES;
				GCC_WARN_64_TO_32_BIT_CONVERSION = YES;
				GCC_WARN_ABOUT_RETURN_TYPE = YES_ERROR;
				GCC_WARN_UNDECLARED_SELECTOR = YES;
				GCC_WARN_UNINITIALIZED_AUTOS = YES_AGGRESSIVE;
				GCC_WARN_UNUSED_FUNCTION = YES;
				GCC_WARN_UNUSED_VARIABLE = YES;
				IPHONEOS_DEPLOYMENT_TARGET = 26.0;
				LOCALIZATION_PREFERS_STRING_CATALOGS = YES;
				MTL_ENABLE_DEBUG_INFO = NO;
				MTL_FAST_MATH = YES;
				SDKROOT = iphoneos;
				SWIFT_COMPILATION_MODE = wholemodule;
				VALIDATE_PRODUCT = YES;
			};
			name = Release;
		};
		7E67988F2F36303A0082C5A9 /* Debug */ = {
			isa = XCBuildConfiguration;
			buildSettings = {
				BUNDLE_LOADER = "$(TEST_HOST)";
				CODE_SIGN_STYLE = Automatic;
				CURRENT_PROJECT_VERSION = 1;
				DEVELOPMENT_TEAM = 5WL5AS853S;
				GENERATE_INFOPLIST_FILE = YES;
				IPHONEOS_DEPLOYMENT_TARGET = 26.0;
				MARKETING_VERSION = 1.0;
				PRODUCT_BUNDLE_IDENTIFIER = NonaAmbonPushApp.GithubAPIWrapperTests;
				PRODUCT_NAME = "$(TARGET_NAME)";
				STRING_CATALOG_GENERATE_SYMBOLS = NO;
				SWIFT_APPROACHABLE_CONCURRENCY = YES;
				SWIFT_EMIT_LOC_STRINGS = NO;
				SWIFT_UPCOMING_FEATURE_MEMBER_IMPORT_VISIBILITY = YES;
				SWIFT_VERSION = 5.0;
				TARGETED_DEVICE_FAMILY = "1,2";
				TEST_HOST = "$(BUILT_PRODUCTS_DIR)/GithubAPIWrapper.app/$(BUNDLE_EXECUTABLE_FOLDER_PATH)/GithubAPIWrapper";
			};
			name = Debug;
		};
		7E6798902F36303A0082C5A9 /* Release */ = {
			isa = XCBuildConfiguration;
			buildSettings = {
				BUNDLE_LOADER = "$(TEST_HOST)";
				CODE_SIGN_STYLE = Automatic;
				CURRENT_PROJECT_VERSION = 1;
				DEVELOPMENT_TEAM = 5WL5AS853S;
				GENERATE_INFOPLIST_FILE = YES;
				IPHONEOS_DEPLOYMENT_TARGET = 26.0;
				MARKETING_VERSION = 1.0;
				PRODUCT_BUNDLE_IDENTIFIER = NonaAmbonPushApp.GithubAPIWrapperTests;
				PRODUCT_NAME = "$(TARGET_NAME)";
				STRING_CATALOG_GENERATE_SYMBOLS = NO;
				SWIFT_APPROACHABLE_CONCURRENCY = YES;
				SWIFT_EMIT_LOC_STRINGS = NO;
				SWIFT_UPCOMING_FEATURE_MEMBER_IMPORT_VISIBILITY = YES;
				SWIFT_VERSION = 5.0;
				TARGETED_DEVICE_FAMILY = "1,2";
				TEST_HOST = "$(BUILT_PRODUCTS_DIR)/GithubAPIWrapper.app/$(BUNDLE_EXECUTABLE_FOLDER_PATH)/GithubAPIWrapper";
			};
			name = Release;
		};
		7E6798922F36303A0082C5A9 /* Debug */ = {
			isa = XCBuildConfiguration;
			buildSettings = {
				CODE_SIGN_STYLE = Automatic;
				CURRENT_PROJECT_VERSION = 1;
				DEVELOPMENT_TEAM = 5WL5AS853S;
				GENERATE_INFOPLIST_FILE = YES;
				MARKETING_VERSION = 1.0;
				PRODUCT_BUNDLE_IDENTIFIER = NonaAmbonPushApp.GithubAPIWrapperUITests;
				PRODUCT_NAME = "$(TARGET_NAME)";
				STRING_CATALOG_GENERATE_SYMBOLS = NO;
				SWIFT_APPROACHABLE_CONCURRENCY = YES;
				SWIFT_EMIT_LOC_STRINGS = NO;
				SWIFT_UPCOMING_FEATURE_MEMBER_IMPORT_VISIBILITY = YES;
				SWIFT_VERSION = 5.0;
				TARGETED_DEVICE_FAMILY = "1,2";
				TEST_TARGET_NAME = GithubAPIWrapper;
			};
			name = Debug;
		};
		7E6798932F36303A0082C5A9 /* Release */ = {
			isa = XCBuildConfiguration;
			buildSettings = {
				CODE_SIGN_STYLE = Automatic;
				CURRENT_PROJECT_VERSION = 1;
				DEVELOPMENT_TEAM = 5WL5AS853S;
				GENERATE_INFOPLIST_FILE = YES;
				MARKETING_VERSION = 1.0;
				PRODUCT_BUNDLE_IDENTIFIER = NonaAmbonPushApp.GithubAPIWrapperUITests;
				PRODUCT_NAME = "$(TARGET_NAME)";
				STRING_CATALOG_GENERATE_SYMBOLS = NO;
				SWIFT_APPROACHABLE_CONCURRENCY = YES;
				SWIFT_EMIT_LOC_STRINGS = NO;
				SWIFT_UPCOMING_FEATURE_MEMBER_IMPORT_VISIBILITY = YES;
				SWIFT_VERSION = 5.0;
				TARGETED_DEVICE_FAMILY = "1,2";
				TEST_TARGET_NAME = GithubAPIWrapper;
			};
			name = Release;
		};
/* End XCBuildConfiguration section */

/* Begin XCConfigurationList section */
		7E6798582F3630390082C5A9 /* Build configuration list for PBXProject "GithubAPIWrapper" */ = {
			isa = XCConfigurationList;
			buildConfigurations = (
				7E67988C2F36303A0082C5A9 /* Debug */,
				7E67988D2F36303A0082C5A9 /* Release */,
			);
			defaultConfigurationIsVisible = 0;
			defaultConfigurationName = Release;
		};
		7E6798892F36303A0082C5A9 /* Build configuration list for PBXNativeTarget "GithubAPIWrapper" */ = {
			isa = XCConfigurationList;
			buildConfigurations = (
				7E67988A2F36303A0082C5A9 /* Debug */,
				7E67988B2F36303A0082C5A9 /* Release */,
			);
			defaultConfigurationIsVisible = 0;
			defaultConfigurationName = Release;
		};
		7E67988E2F36303A0082C5A9 /* Build configuration list for PBXNativeTarget "GithubAPIWrapperTests" */ = {
			isa = XCConfigurationList;
			buildConfigurations = (
				7E67988F2F36303A0082C5A9 /* Debug */,
				7E6798902F36303A0082C5A9 /* Release */,
			);
			defaultConfigurationIsVisible = 0;
			defaultConfigurationName = Release;
		};
		7E6798912F36303A0082C5A9 /* Build configuration list for PBXNativeTarget "GithubAPIWrapperUITests" */ = {
			isa = XCConfigurationList;
			buildConfigurations = (
				7E6798922F36303A0082C5A9 /* Debug */,
				7E6798932F36303A0082C5A9 /* Release */,
			);
			defaultConfigurationIsVisible = 0;
			defaultConfigurationName = Release;
		};
/* End XCConfigurationList section */
	};
	rootObject = 7E6798552F3630390082C5A9 /* Project object */;
}
