{
  "originHash" : "315b8ce3e40b0f2fab598a7ab45faed98de6ab8dd251106e8d5e0c2817f23e8f",
  "pins" : [
    {
      "identity" : "modulenetwork",
      "kind" : "remoteSourceControl",
      "location" : "https://github.com/rizkisiraj/ModuleNetwork",
      "state" : {
        "branch" : "main",
        "revision" : "d273baf76fdb91228587b866e7d4de49d092d132"
      }
    }
  ],
  "version" : 3
}
